
Microsoft Visual Studio Solution File, Format Version 12.00
# Visual Studio 15
VisualStudioVersion = 15.0.26430.13
MinimumVisualStudioVersion = 10.0.40219.1
Project("{8BC9CEB8-8B4A-11D0-8D11-00A0C91BC942}") = "HolaOpenCV", "HolaOpenCV\HolaOpenCV.vcxproj", "{BCD0B6D8-8CEA-47FC-950F-3656DDFC028F}"
EndProject
Project("{8BC9CEB8-8B4A-11D0-8D11-00A0C91BC942}") = "Calibration", "Calibration\Calibration.vcxproj", "{ACAFC1B9-0FAF-4F77-A73A-2D89C781AD47}"
EndProject
Project("{8BC9CEB8-8B4A-11D0-8D11-00A0C91BC942}") = "otroMatching", "otroMatching\otroMatching.vcxproj", "{EBDDC216-83AC-441C-AD84-9142E80A3957}"
EndProject
Project("{8BC9CEB8-8B4A-11D0-8D11-00A0C91BC942}") = "DisparityMap", "DisparityMap\DisparityMap.vcxproj", "{ABF08F38-0B79-4B9B-8A08-C25C9F5B45CC}"
EndProject
Project("{8BC9CEB8-8B4A-11D0-8D11-00A0C91BC942}") = "AutoReconstruction", "AutoReconstruction\AutoReconstruction.vcxproj", "{5BAA2FFB-9A20-43E6-808D-BBB00F23F811}"
EndProject
Project("{8BC9CEB8-8B4A-11D0-8D11-00A0C91BC942}") = "GenerateCameraMat", "GenerateCameraMat\GenerateCameraMat.vcxproj", "{415A5A43-9A3D-436B-B15A-04073EF49BB2}"
EndProject
Project("{8BC9CEB8-8B4A-11D0-8D11-00A0C91BC942}") = "ReconstruirVariasImagenes", "ReconstruirVariasImagenes\ReconstruirVariasImagenes.vcxproj", "{25D416B2-0092-40BF-BE93-4CF229421417}"
EndProject
Project("{8BC9CEB8-8B4A-11D0-8D11-00A0C91BC942}") = "Referenciamiento", "Referenciamiento\Referenciamiento.vcxproj", "{D069BEDB-03CE-4C61-B27A-B19BD5F7346E}"
EndProject
Project("{8BC9CEB8-8B4A-11D0-8D11-00A0C91BC942}") = "Densification", "Densification\Densification.vcxproj", "{D1EBDD38-EC58-4724-AD21-58C16D4006CE}"
EndProject
Global
	GlobalSection(SolutionConfigurationPlatforms) = preSolution
		Debug|x64 = Debug|x64
		Debug|x86 = Debug|x86
		Release|x64 = Release|x64
		Release|x86 = Release|x86
	EndGlobalSection
	GlobalSection(ProjectConfigurationPlatforms) = postSolution
		{BCD0B6D8-8CEA-47FC-950F-3656DDFC028F}.Debug|x64.ActiveCfg = Debug|x64
		{BCD0B6D8-8CEA-47FC-950F-3656DDFC028F}.Debug|x64.Build.0 = Debug|x64
		{BCD0B6D8-8CEA-47FC-950F-3656DDFC028F}.Debug|x86.ActiveCfg = Debug|Win32
		{BCD0B6D8-8CEA-47FC-950F-3656DDFC028F}.Debug|x86.Build.0 = Debug|Win32
		{BCD0B6D8-8CEA-47FC-950F-3656DDFC028F}.Release|x64.ActiveCfg = Release|x64
		{BCD0B6D8-8CEA-47FC-950F-3656DDFC028F}.Release|x64.Build.0 = Release|x64
		{BCD0B6D8-8CEA-47FC-950F-3656DDFC028F}.Release|x86.ActiveCfg = Release|Win32
		{BCD0B6D8-8CEA-47FC-950F-3656DDFC028F}.Release|x86.Build.0 = Release|Win32
		{ACAFC1B9-0FAF-4F77-A73A-2D89C781AD47}.Debug|x64.ActiveCfg = Debug|x64
		{ACAFC1B9-0FAF-4F77-A73A-2D89C781AD47}.Debug|x64.Build.0 = Debug|x64
		{ACAFC1B9-0FAF-4F77-A73A-2D89C781AD47}.Debug|x86.ActiveCfg = Debug|Win32
		{ACAFC1B9-0FAF-4F77-A73A-2D89C781AD47}.Debug|x86.Build.0 = Debug|Win32
		{ACAFC1B9-0FAF-4F77-A73A-2D89C781AD47}.Release|x64.ActiveCfg = Release|x64
		{ACAFC1B9-0FAF-4F77-A73A-2D89C781AD47}.Release|x64.Build.0 = Release|x64
		{ACAFC1B9-0FAF-4F77-A73A-2D89C781AD47}.Release|x86.ActiveCfg = Release|Win32
		{ACAFC1B9-0FAF-4F77-A73A-2D89C781AD47}.Release|x86.Build.0 = Release|Win32
		{EBDDC216-83AC-441C-AD84-9142E80A3957}.Debug|x64.ActiveCfg = Debug|x64
		{EBDDC216-83AC-441C-AD84-9142E80A3957}.Debug|x64.Build.0 = Debug|x64
		{EBDDC216-83AC-441C-AD84-9142E80A3957}.Debug|x86.ActiveCfg = Debug|Win32
		{EBDDC216-83AC-441C-AD84-9142E80A3957}.Debug|x86.Build.0 = Debug|Win32
		{EBDDC216-83AC-441C-AD84-9142E80A3957}.Release|x64.ActiveCfg = Release|x64
		{EBDDC216-83AC-441C-AD84-9142E80A3957}.Release|x64.Build.0 = Release|x64
		{EBDDC216-83AC-441C-AD84-9142E80A3957}.Release|x86.ActiveCfg = Release|Win32
		{EBDDC216-83AC-441C-AD84-9142E80A3957}.Release|x86.Build.0 = Release|Win32
		{ABF08F38-0B79-4B9B-8A08-C25C9F5B45CC}.Debug|x64.ActiveCfg = Debug|x64
		{ABF08F38-0B79-4B9B-8A08-C25C9F5B45CC}.Debug|x64.Build.0 = Debug|x64
		{ABF08F38-0B79-4B9B-8A08-C25C9F5B45CC}.Debug|x86.ActiveCfg = Debug|Win32
		{ABF08F38-0B79-4B9B-8A08-C25C9F5B45CC}.Debug|x86.Build.0 = Debug|Win32
		{ABF08F38-0B79-4B9B-8A08-C25C9F5B45CC}.Release|x64.ActiveCfg = Release|x64
		{ABF08F38-0B79-4B9B-8A08-C25C9F5B45CC}.Release|x64.Build.0 = Release|x64
		{ABF08F38-0B79-4B9B-8A08-C25C9F5B45CC}.Release|x86.ActiveCfg = Release|Win32
		{ABF08F38-0B79-4B9B-8A08-C25C9F5B45CC}.Release|x86.Build.0 = Release|Win32
		{5BAA2FFB-9A20-43E6-808D-BBB00F23F811}.Debug|x64.ActiveCfg = Debug|x64
		{5BAA2FFB-9A20-43E6-808D-BBB00F23F811}.Debug|x64.Build.0 = Debug|x64
		{5BAA2FFB-9A20-43E6-808D-BBB00F23F811}.Debug|x86.ActiveCfg = Debug|Win32
		{5BAA2FFB-9A20-43E6-808D-BBB00F23F811}.Debug|x86.Build.0 = Debug|Win32
		{5BAA2FFB-9A20-43E6-808D-BBB00F23F811}.Release|x64.ActiveCfg = Release|x64
		{5BAA2FFB-9A20-43E6-808D-BBB00F23F811}.Release|x64.Build.0 = Release|x64
		{5BAA2FFB-9A20-43E6-808D-BBB00F23F811}.Release|x86.ActiveCfg = Release|Win32
		{5BAA2FFB-9A20-43E6-808D-BBB00F23F811}.Release|x86.Build.0 = Release|Win32
		{415A5A43-9A3D-436B-B15A-04073EF49BB2}.Debug|x64.ActiveCfg = Debug|x64
		{415A5A43-9A3D-436B-B15A-04073EF49BB2}.Debug|x64.Build.0 = Debug|x64
		{415A5A43-9A3D-436B-B15A-04073EF49BB2}.Debug|x86.ActiveCfg = Debug|Win32
		{415A5A43-9A3D-436B-B15A-04073EF49BB2}.Debug|x86.Build.0 = Debug|Win32
		{415A5A43-9A3D-436B-B15A-04073EF49BB2}.Release|x64.ActiveCfg = Release|x64
		{415A5A43-9A3D-436B-B15A-04073EF49BB2}.Release|x64.Build.0 = Release|x64
		{415A5A43-9A3D-436B-B15A-04073EF49BB2}.Release|x86.ActiveCfg = Release|Win32
		{415A5A43-9A3D-436B-B15A-04073EF49BB2}.Release|x86.Build.0 = Release|Win32
		{25D416B2-0092-40BF-BE93-4CF229421417}.Debug|x64.ActiveCfg = Debug|x64
		{25D416B2-0092-40BF-BE93-4CF229421417}.Debug|x64.Build.0 = Debug|x64
		{25D416B2-0092-40BF-BE93-4CF229421417}.Debug|x86.ActiveCfg = Debug|Win32
		{25D416B2-0092-40BF-BE93-4CF229421417}.Debug|x86.Build.0 = Debug|Win32
		{25D416B2-0092-40BF-BE93-4CF229421417}.Release|x64.ActiveCfg = Release|x64
		{25D416B2-0092-40BF-BE93-4CF229421417}.Release|x64.Build.0 = Release|x64
		{25D416B2-0092-40BF-BE93-4CF229421417}.Release|x86.ActiveCfg = Release|Win32
		{25D416B2-0092-40BF-BE93-4CF229421417}.Release|x86.Build.0 = Release|Win32
		{D069BEDB-03CE-4C61-B27A-B19BD5F7346E}.Debug|x64.ActiveCfg = Debug|x64
		{D069BEDB-03CE-4C61-B27A-B19BD5F7346E}.Debug|x64.Build.0 = Debug|x64
		{D069BEDB-03CE-4C61-B27A-B19BD5F7346E}.Debug|x86.ActiveCfg = Debug|Win32
		{D069BEDB-03CE-4C61-B27A-B19BD5F7346E}.Debug|x86.Build.0 = Debug|Win32
		{D069BEDB-03CE-4C61-B27A-B19BD5F7346E}.Release|x64.ActiveCfg = Release|x64
		{D069BEDB-03CE-4C61-B27A-B19BD5F7346E}.Release|x64.Build.0 = Release|x64
		{D069BEDB-03CE-4C61-B27A-B19BD5F7346E}.Release|x86.ActiveCfg = Release|Win32
		{D069BEDB-03CE-4C61-B27A-B19BD5F7346E}.Release|x86.Build.0 = Release|Win32
		{D1EBDD38-EC58-4724-AD21-58C16D4006CE}.Debug|x64.ActiveCfg = Debug|x64
		{D1EBDD38-EC58-4724-AD21-58C16D4006CE}.Debug|x64.Build.0 = Debug|x64
		{D1EBDD38-EC58-4724-AD21-58C16D4006CE}.Debug|x86.ActiveCfg = Debug|Win32
		{D1EBDD38-EC58-4724-AD21-58C16D4006CE}.Debug|x86.Build.0 = Debug|Win32
		{D1EBDD38-EC58-4724-AD21-58C16D4006CE}.Release|x64.ActiveCfg = Release|x64
		{D1EBDD38-EC58-4724-AD21-58C16D4006CE}.Release|x64.Build.0 = Release|x64
		{D1EBDD38-EC58-4724-AD21-58C16D4006CE}.Release|x86.ActiveCfg = Release|Win32
		{D1EBDD38-EC58-4724-AD21-58C16D4006CE}.Release|x86.Build.0 = Release|Win32
	EndGlobalSection
	GlobalSection(SolutionProperties) = preSolution
		HideSolutionNode = FALSE
	EndGlobalSection
EndGlobal
